
Microsoft Visual Studio Solution File, Format Version 11.00
# Visual Studio 2010
Project("{FAE04EC0-301F-11D3-BF4B-00C04F79EFBC}") = "Assembly-CSharp", "Assembly-CSharp.csproj", "{1a55e408-3b9f-1348-d048-965fc93d1d22}"
EndProject
Global
	GlobalSection(SolutionConfigurationPlatforms) = preSolution
		Debug|Any CPU = Debug|Any CPU
		Release|Any CPU = Release|Any CPU
	EndGlobalSection
	GlobalSection(ProjectConfigurationPlatforms) = postSolution
		{1a55e408-3b9f-1348-d048-965fc93d1d22}.Debug|Any CPU.ActiveCfg = Debug|Any CPU
		{1a55e408-3b9f-1348-d048-965fc93d1d22}.Debug|Any CPU.Build.0 = Debug|Any CPU
		{1a55e408-3b9f-1348-d048-965fc93d1d22}.Release|Any CPU.ActiveCfg = Release|Any CPU
		{1a55e408-3b9f-1348-d048-965fc93d1d22}.Release|Any CPU.Build.0 = Release|Any CPU
	EndGlobalSection
	GlobalSection(SolutionProperties) = preSolution
		HideSolutionNode = FALSE
	EndGlobalSection
EndGlobal
